
Microsoft Visual Studio Solution File, Format Version 12.00
# Visual Studio Version 17
VisualStudioVersion = 17.14.36511.14 d17.14
MinimumVisualStudioVersion = 10.0.40219.1
Project("{FAE04EC0-301F-11D3-BF4B-00C04F79EFBC}") = "AINotesHub.Shared", "AINotesHub.Shared\AINotesHub.Shared.csproj", "{C56D221E-8A8D-435C-B542-AD93E055B826}"
EndProject
Project("{FAE04EC0-301F-11D3-BF4B-00C04F79EFBC}") = "AINotesHub.API", "AINotesHub.API\AINotesHub.API.csproj", "{7774E08D-B906-4C51-A30C-EC0C453E7EC4}"
EndProject
Project("{FAE04EC0-301F-11D3-BF4B-00C04F79EFBC}") = "AINotesHub.WPF", "AINotesHub.WPF\AINotesHub.WPF.csproj", "{241D46B4-619D-4CDD-95B5-70F8FA8992DF}"
EndProject
Global
	GlobalSection(SolutionConfigurationPlatforms) = preSolution
		Debug|Any CPU = Debug|Any CPU
		Release|Any CPU = Release|Any CPU
	EndGlobalSection
	GlobalSection(ProjectConfigurationPlatforms) = postSolution
		{C56D221E-8A8D-435C-B542-AD93E055B826}.Debug|Any CPU.ActiveCfg = Debug|Any CPU
		{C56D221E-8A8D-435C-B542-AD93E055B826}.Debug|Any CPU.Build.0 = Debug|Any CPU
		{C56D221E-8A8D-435C-B542-AD93E055B826}.Release|Any CPU.ActiveCfg = Release|Any CPU
		{C56D221E-8A8D-435C-B542-AD93E055B826}.Release|Any CPU.Build.0 = Release|Any CPU
		{7774E08D-B906-4C51-A30C-EC0C453E7EC4}.Debug|Any CPU.ActiveCfg = Debug|Any CPU
		{7774E08D-B906-4C51-A30C-EC0C453E7EC4}.Debug|Any CPU.Build.0 = Debug|Any CPU
		{7774E08D-B906-4C51-A30C-EC0C453E7EC4}.Release|Any CPU.ActiveCfg = Release|Any CPU
		{7774E08D-B906-4C51-A30C-EC0C453E7EC4}.Release|Any CPU.Build.0 = Release|Any CPU
		{241D46B4-619D-4CDD-95B5-70F8FA8992DF}.Debug|Any CPU.ActiveCfg = Debug|Any CPU
		{241D46B4-619D-4CDD-95B5-70F8FA8992DF}.Debug|Any CPU.Build.0 = Debug|Any CPU
		{241D46B4-619D-4CDD-95B5-70F8FA8992DF}.Release|Any CPU.ActiveCfg = Release|Any CPU
		{241D46B4-619D-4CDD-95B5-70F8FA8992DF}.Release|Any CPU.Build.0 = Release|Any CPU
	EndGlobalSection
	GlobalSection(SolutionProperties) = preSolution
		HideSolutionNode = FALSE
	EndGlobalSection
	GlobalSection(ExtensibilityGlobals) = postSolution
		SolutionGuid = {CCD7649D-FC5F-4DDB-A5E5-1774A94AF60C}
	EndGlobalSection
EndGlobal
